
Microsoft Visual Studio Solution File, Format Version 12.00
# Visual Studio Version 17
VisualStudioVersion = 17.10.34928.147
MinimumVisualStudioVersion = 10.0.40219.1
Project("{FAE04EC0-301F-11D3-BF4B-00C04F79EFBC}") = "AsignarSaldos", "AsignarSaldos.csproj", "{D18CA4DB-43DD-4018-94F1-A1C8810073ED}"
EndProject
Global
	GlobalSection(SolutionConfigurationPlatforms) = preSolution
		Debug|Any CPU = Debug|Any CPU
		Release|Any CPU = Release|Any CPU
	EndGlobalSection
	GlobalSection(ProjectConfigurationPlatforms) = postSolution
		{D18CA4DB-43DD-4018-94F1-A1C8810073ED}.Debug|Any CPU.ActiveCfg = Debug|Any CPU
		{D18CA4DB-43DD-4018-94F1-A1C8810073ED}.Debug|Any CPU.Build.0 = Debug|Any CPU
		{D18CA4DB-43DD-4018-94F1-A1C8810073ED}.Release|Any CPU.ActiveCfg = Release|Any CPU
		{D18CA4DB-43DD-4018-94F1-A1C8810073ED}.Release|Any CPU.Build.0 = Release|Any CPU
	EndGlobalSection
	GlobalSection(SolutionProperties) = preSolution
		HideSolutionNode = FALSE
	EndGlobalSection
	GlobalSection(ExtensibilityGlobals) = postSolution
		SolutionGuid = {5966E4A4-5B76-4626-9D87-6EEAFC339A24}
	EndGlobalSection
EndGlobal
